{
  "version": 4,
  "terraform_version": "1.10.3",
  "serial": 43,
  "lineage": "b3586568-7201-aad1-29f6-049c52e36439",
  "outputs": {
    "backend_grpc_url": {
      "value": "https://next-go-cloudrun-backend-grpc-lsmenxflua-uc.a.run.app",
      "type": "string"
    },
    "frontend_url": {
      "value": "https://next-go-cloudrun-frontend-lsmenxflua-uc.a.run.app",
      "type": "string"
    }
  },
  "resources": [
    {
      "mode": "data",
      "type": "google_iam_policy",
      "name": "noauth",
      "provider": "provider[\"registry.terraform.io/hashicorp/google\"]",
      "instances": [
        {
          "schema_version": 0,
          "attributes": {
            "audit_config": null,
            "binding": [
              {
                "condition": [],
                "members": [
                  "allUsers"
                ],
                "role": "roles/run.invoker"
              }
            ],
            "id": "3450855414",
            "policy_data": "{\"bindings\":[{\"members\":[\"allUsers\"],\"role\":\"roles/run.invoker\"}]}"
          },
          "sensitive_attributes": []
        }
      ]
    },
    {
      "mode": "managed",
      "type": "google_api_gateway_api",
      "name": "api",
      "provider": "provider[\"registry.terraform.io/hashicorp/google-beta\"]",
      "instances": [
        {
          "schema_version": 0,
          "attributes": {
            "api_id": "backend-api",
            "create_time": "2025-02-19T12:41:15.001996541Z",
            "display_name": "Backend API",
            "effective_labels": {
              "goog-terraform-provisioned": "true"
            },
            "id": "projects/next-go-451412/locations/global/apis/backend-api",
            "labels": {},
            "managed_service": "backend-api-2xxzh5b4mqcpm.apigateway.next-go-451412.cloud.goog",
            "name": "projects/next-go-451412/locations/global/apis/backend-api",
            "project": "next-go-451412",
            "terraform_labels": {
              "goog-terraform-provisioned": "true"
            },
            "timeouts": null
          },
          "sensitive_attributes": [],
          "private": "eyJlMmJmYjczMC1lY2FhLTExZTYtOGY4OC0zNDM2M2JjN2M0YzAiOnsiY3JlYXRlIjoxMjAwMDAwMDAwMDAwLCJkZWxldGUiOjEyMDAwMDAwMDAwMDAsInVwZGF0ZSI6MTIwMDAwMDAwMDAwMH19",
          "dependencies": [
            "google_project_service.api_gateway_api"
          ]
        }
      ]
    },
    {
      "mode": "managed",
      "type": "google_api_gateway_api_config",
      "name": "config",
      "provider": "provider[\"registry.terraform.io/hashicorp/google-beta\"]",
      "instances": [
        {
          "schema_version": 0,
          "attributes": {
            "api": "backend-api",
            "api_config_id": "backend-api-config",
            "api_config_id_prefix": null,
            "display_name": "backend-api-config",
            "effective_labels": {
              "goog-terraform-provisioned": "true"
            },
            "gateway_config": [],
            "grpc_services": [],
            "id": "projects/next-go-451412/locations/global/apis/backend-api/configs/backend-api-config",
            "labels": {},
            "managed_service_configs": [],
            "name": "projects/540296390385/locations/global/apis/backend-api/configs/backend-api-config",
            "openapi_documents": [
              {
                "document": [
                  {
                    "contents": "c3dhZ2dlcjogIjIuMCIKaW5mbzoKICB0aXRsZTogZ29vZ2xlL2FwaS9odHRwLnByb3RvCiAgdmVyc2lvbjogdmVyc2lvbiBub3Qgc2V0CnRhZ3M6CiAgLSBuYW1lOiBPcmRlcnNTZXJ2aWNlCiAgLSBuYW1lOiBQaW5nU2VydmljZQogIC0gbmFtZTogVXNlclNlcnZpY2UKY29uc3VtZXM6CiAgLSBhcHBsaWNhdGlvbi9qc29uCnByb2R1Y2VzOgogIC0gYXBwbGljYXRpb24vanNvbgpwYXRoczoKICAvYXBpLnYxLm9yZGVyLk9yZGVyc1NlcnZpY2UvQ3JlYXRlT3JkZXI6CiAgICBwb3N0OgogICAgICBvcGVyYXRpb25JZDogT3JkZXJzU2VydmljZV9DcmVhdGVPcmRlcgogICAgICByZXNwb25zZXM6CiAgICAgICAgIjIwMCI6CiAgICAgICAgICBkZXNjcmlwdGlvbjogQSBzdWNjZXNzZnVsIHJlc3BvbnNlLgogICAgICAgICAgc2NoZW1hOgogICAgICAgICAgICAkcmVmOiAnIy9kZWZpbml0aW9ucy9vcmRlckNyZWF0ZU9yZGVyUmVzcG9uc2UnCiAgICAgICAgZGVmYXVsdDoKICAgICAgICAgIGRlc2NyaXB0aW9uOiBBbiB1bmV4cGVjdGVkIGVycm9yIHJlc3BvbnNlLgogICAgICAgICAgc2NoZW1hOgogICAgICAgICAgICAkcmVmOiAnIy9kZWZpbml0aW9ucy9ycGNTdGF0dXMnCiAgICAgIHBhcmFtZXRlcnM6CiAgICAgICAgLSBuYW1lOiBib2R5CiAgICAgICAgICBpbjogYm9keQogICAgICAgICAgcmVxdWlyZWQ6IHRydWUKICAgICAgICAgIHNjaGVtYToKICAgICAgICAgICAgJHJlZjogJyMvZGVmaW5pdGlvbnMvb3JkZXJDcmVhdGVPcmRlclJlcXVlc3QnCiAgICAgIHRhZ3M6CiAgICAgICAgLSBPcmRlcnNTZXJ2aWNlCiAgL2FwaS52MS5vcmRlci5PcmRlcnNTZXJ2aWNlL0xpc3RPcmRlcnM6CiAgICBwb3N0OgogICAgICBvcGVyYXRpb25JZDogT3JkZXJzU2VydmljZV9MaXN0T3JkZXJzCiAgICAgIHJlc3BvbnNlczoKICAgICAgICAiMjAwIjoKICAgICAgICAgIGRlc2NyaXB0aW9uOiBBIHN1Y2Nlc3NmdWwgcmVzcG9uc2UuKHN0cmVhbWluZyByZXNwb25zZXMpCiAgICAgICAgICBzY2hlbWE6CiAgICAgICAgICAgIHR5cGU6IG9iamVjdAogICAgICAgICAgICBwcm9wZXJ0aWVzOgogICAgICAgICAgICAgIHJlc3VsdDoKICAgICAgICAgICAgICAgICRyZWY6ICcjL2RlZmluaXRpb25zL29yZGVyTGlzdE9yZGVyc1Jlc3BvbnNlJwogICAgICAgICAgICAgIGVycm9yOgogICAgICAgICAgICAgICAgJHJlZjogJyMvZGVmaW5pdGlvbnMvcnBjU3RhdHVzJwogICAgICAgICAgICB0aXRsZTogU3RyZWFtIHJlc3VsdCBvZiBvcmRlckxpc3RPcmRlcnNSZXNwb25zZQogICAgICAgIGRlZmF1bHQ6CiAgICAgICAgICBkZXNjcmlwdGlvbjogQW4gdW5leHBlY3RlZCBlcnJvciByZXNwb25zZS4KICAgICAgICAgIHNjaGVtYToKICAgICAgICAgICAgJHJlZjogJyMvZGVmaW5pdGlvbnMvcnBjU3RhdHVzJwogICAgICBwYXJhbWV0ZXJzOgogICAgICAgIC0gbmFtZTogYm9keQogICAgICAgICAgaW46IGJvZHkKICAgICAgICAgIHJlcXVpcmVkOiB0cnVlCiAgICAgICAgICBzY2hlbWE6CiAgICAgICAgICAgICRyZWY6ICcjL2RlZmluaXRpb25zL29yZGVyTGlzdE9yZGVyc1JlcXVlc3QnCiAgICAgIHRhZ3M6CiAgICAgICAgLSBPcmRlcnNTZXJ2aWNlCiAgL2FwaS52MS5waW5nLlBpbmdTZXJ2aWNlL1Bpbmc6CiAgICBwb3N0OgogICAgICBvcGVyYXRpb25JZDogUGluZ1NlcnZpY2VfUGluZwogICAgICByZXNwb25zZXM6CiAgICAgICAgIjIwMCI6CiAgICAgICAgICBkZXNjcmlwdGlvbjogQSBzdWNjZXNzZnVsIHJlc3BvbnNlLgogICAgICAgICAgc2NoZW1hOgogICAgICAgICAgICAkcmVmOiAnIy9kZWZpbml0aW9ucy9waW5nUGluZ1Jlc3BvbnNlJwogICAgICAgIGRlZmF1bHQ6CiAgICAgICAgICBkZXNjcmlwdGlvbjogQW4gdW5leHBlY3RlZCBlcnJvciByZXNwb25zZS4KICAgICAgICAgIHNjaGVtYToKICAgICAgICAgICAgJHJlZjogJyMvZGVmaW5pdGlvbnMvcnBjU3RhdHVzJwogICAgICBwYXJhbWV0ZXJzOgogICAgICAgIC0gbmFtZTogYm9keQogICAgICAgICAgaW46IGJvZHkKICAgICAgICAgIHJlcXVpcmVkOiB0cnVlCiAgICAgICAgICBzY2hlbWE6CiAgICAgICAgICAgICRyZWY6ICcjL2RlZmluaXRpb25zL3BpbmdQaW5nUmVxdWVzdCcKICAgICAgdGFnczoKICAgICAgICAtIFBpbmdTZXJ2aWNlCiAgL2FwaS52MS5waW5nLlBpbmdTZXJ2aWNlL1BpbmdTYW1wbGU6CiAgICBwb3N0OgogICAgICBvcGVyYXRpb25JZDogUGluZ1NlcnZpY2VfUGluZ1NhbXBsZQogICAgICByZXNwb25zZXM6CiAgICAgICAgIjIwMCI6CiAgICAgICAgICBkZXNjcmlwdGlvbjogQSBzdWNjZXNzZnVsIHJlc3BvbnNlLgogICAgICAgICAgc2NoZW1hOgogICAgICAgICAgICAkcmVmOiAnIy9kZWZpbml0aW9ucy9waW5nUGluZ1Jlc3BvbnNlJwogICAgICAgIGRlZmF1bHQ6CiAgICAgICAgICBkZXNjcmlwdGlvbjogQW4gdW5leHBlY3RlZCBlcnJvciByZXNwb25zZS4KICAgICAgICAgIHNjaGVtYToKICAgICAgICAgICAgJHJlZjogJyMvZGVmaW5pdGlvbnMvcnBjU3RhdHVzJwogICAgICBwYXJhbWV0ZXJzOgogICAgICAgIC0gbmFtZTogYm9keQogICAgICAgICAgaW46IGJvZHkKICAgICAgICAgIHJlcXVpcmVkOiB0cnVlCiAgICAgICAgICBzY2hlbWE6CiAgICAgICAgICAgICRyZWY6ICcjL2RlZmluaXRpb25zL3BpbmdQaW5nUmVxdWVzdCcKICAgICAgdGFnczoKICAgICAgICAtIFBpbmdTZXJ2aWNlCiAgL2FwaS52MS51c2VyLlVzZXJTZXJ2aWNlL0xpc3RVc2VyczoKICAgIHBvc3Q6CiAgICAgIG9wZXJhdGlvbklkOiBVc2VyU2VydmljZV9MaXN0VXNlcnMKICAgICAgcmVzcG9uc2VzOgogICAgICAgICIyMDAiOgogICAgICAgICAgZGVzY3JpcHRpb246IEEgc3VjY2Vzc2Z1bCByZXNwb25zZS4KICAgICAgICAgIHNjaGVtYToKICAgICAgICAgICAgJHJlZjogJyMvZGVmaW5pdGlvbnMvdXNlckxpc3RVc2VyUmVzcG9uc2UnCiAgICAgICAgZGVmYXVsdDoKICAgICAgICAgIGRlc2NyaXB0aW9uOiBBbiB1bmV4cGVjdGVkIGVycm9yIHJlc3BvbnNlLgogICAgICAgICAgc2NoZW1hOgogICAgICAgICAgICAkcmVmOiAnIy9kZWZpbml0aW9ucy9ycGNTdGF0dXMnCiAgICAgIHBhcmFtZXRlcnM6CiAgICAgICAgLSBuYW1lOiBib2R5CiAgICAgICAgICBpbjogYm9keQogICAgICAgICAgcmVxdWlyZWQ6IHRydWUKICAgICAgICAgIHNjaGVtYToKICAgICAgICAgICAgJHJlZjogJyMvZGVmaW5pdGlvbnMvdXNlckxpc3RVc2VyUmVxdWVzdCcKICAgICAgdGFnczoKICAgICAgICAtIFVzZXJTZXJ2aWNlCmRlZmluaXRpb25zOgogIG9yZGVyQ3JlYXRlT3JkZXJSZXF1ZXN0OgogICAgdHlwZTogb2JqZWN0CiAgICBwcm9wZXJ0aWVzOgogICAgICB1c2VySWQ6CiAgICAgICAgdHlwZTogc3RyaW5nCiAgICAgICAgZm9ybWF0OiBpbnQ2NAogICAgICBwcm9kdWN0SWQ6CiAgICAgICAgdHlwZTogc3RyaW5nCiAgICAgICAgZm9ybWF0OiBpbnQ2NAogICAgICBxdWFudGl0eToKICAgICAgICB0eXBlOiBzdHJpbmcKICAgICAgICBmb3JtYXQ6IGludDY0CiAgb3JkZXJDcmVhdGVPcmRlclJlc3BvbnNlOgogICAgdHlwZTogb2JqZWN0CiAgICBwcm9wZXJ0aWVzOgogICAgICBPcmRlcjoKICAgICAgICAkcmVmOiAnIy9kZWZpbml0aW9ucy9vcmRlck9yZGVyJwogIG9yZGVyTGlzdE9yZGVyc1JlcXVlc3Q6CiAgICB0eXBlOiBvYmplY3QKICAgIHByb3BlcnRpZXM6CiAgICAgIHVzZXJJZDoKICAgICAgICB0eXBlOiBzdHJpbmcKICAgICAgICBmb3JtYXQ6IGludDY0CiAgb3JkZXJMaXN0T3JkZXJzUmVzcG9uc2U6CiAgICB0eXBlOiBvYmplY3QKICAgIHByb3BlcnRpZXM6CiAgICAgIE9yZGVyOgogICAgICAgICRyZWY6ICcjL2RlZmluaXRpb25zL29yZGVyT3JkZXInCiAgb3JkZXJPcmRlcjoKICAgIHR5cGU6IG9iamVjdAogICAgcHJvcGVydGllczoKICAgICAgdXNlcklkOgogICAgICAgIHR5cGU6IHN0cmluZwogICAgICAgIGZvcm1hdDogaW50NjQKICAgICAgb3JkZXJJZDoKICAgICAgICB0eXBlOiBzdHJpbmcKICAgICAgICBmb3JtYXQ6IGludDY0CiAgICAgIHVzZXJuYW1lOgogICAgICAgIHR5cGU6IHN0cmluZwogICAgICBwcm9kdWN0SWQ6CiAgICAgICAgdHlwZTogc3RyaW5nCiAgICAgICAgZm9ybWF0OiBpbnQ2NAogICAgICBxdWFudGl0eToKICAgICAgICB0eXBlOiBzdHJpbmcKICAgICAgICBmb3JtYXQ6IGludDY0CiAgICAgIG9yZGVyRGF0ZToKICAgICAgICB0eXBlOiBzdHJpbmcKICBwaW5nUGluZ1JlcXVlc3Q6CiAgICB0eXBlOiBvYmplY3QKICAgIHByb3BlcnRpZXM6CiAgICAgIG1lc3NhZ2U6CiAgICAgICAgdHlwZTogc3RyaW5nCiAgcGluZ1BpbmdSZXNwb25zZToKICAgIHR5cGU6IG9iamVjdAogICAgcHJvcGVydGllczoKICAgICAgbWVzc2FnZToKICAgICAgICB0eXBlOiBzdHJpbmcKICBwcm90b2J1ZkFueToKICAgIHR5cGU6IG9iamVjdAogICAgcHJvcGVydGllczoKICAgICAgJ0B0eXBlJzoKICAgICAgICB0eXBlOiBzdHJpbmcKICAgICAgICBkZXNjcmlwdGlvbjogfC0KICAgICAgICAgIEEgVVJML3Jlc291cmNlIG5hbWUgdGhhdCB1bmlxdWVseSBpZGVudGlmaWVzIHRoZSB0eXBlIG9mIHRoZSBzZXJpYWxpemVkCiAgICAgICAgICBwcm90b2NvbCBidWZmZXIgbWVzc2FnZS4gVGhpcyBzdHJpbmcgbXVzdCBjb250YWluIGF0IGxlYXN0CiAgICAgICAgICBvbmUgIi8iIGNoYXJhY3Rlci4gVGhlIGxhc3Qgc2VnbWVudCBvZiB0aGUgVVJMJ3MgcGF0aCBtdXN0IHJlcHJlc2VudAogICAgICAgICAgdGhlIGZ1bGx5IHF1YWxpZmllZCBuYW1lIG9mIHRoZSB0eXBlIChhcyBpbgogICAgICAgICAgYHBhdGgvZ29vZ2xlLnByb3RvYnVmLkR1cmF0aW9uYCkuIFRoZSBuYW1lIHNob3VsZCBiZSBpbiBhIGNhbm9uaWNhbCBmb3JtCiAgICAgICAgICAoZS5nLiwgbGVhZGluZyAiLiIgaXMgbm90IGFjY2VwdGVkKS4KCiAgICAgICAgICBJbiBwcmFjdGljZSwgdGVhbXMgdXN1YWxseSBwcmVjb21waWxlIGludG8gdGhlIGJpbmFyeSBhbGwgdHlwZXMgdGhhdCB0aGV5CiAgICAgICAgICBleHBlY3QgaXQgdG8gdXNlIGluIHRoZSBjb250ZXh0IG9mIEFueS4gSG93ZXZlciwgZm9yIFVSTHMgd2hpY2ggdXNlIHRoZQogICAgICAgICAgc2NoZW1lIGBodHRwYCwgYGh0dHBzYCwgb3Igbm8gc2NoZW1lLCBvbmUgY2FuIG9wdGlvbmFsbHkgc2V0IHVwIGEgdHlwZQogICAgICAgICAgc2VydmVyIHRoYXQgbWFwcyB0eXBlIFVSTHMgdG8gbWVzc2FnZSBkZWZpbml0aW9ucyBhcyBmb2xsb3dzOgoKICAgICAgICAgICogSWYgbm8gc2NoZW1lIGlzIHByb3ZpZGVkLCBgaHR0cHNgIGlzIGFzc3VtZWQuCiAgICAgICAgICAqIEFuIEhUVFAgR0VUIG9uIHRoZSBVUkwgbXVzdCB5aWVsZCBhIFtnb29nbGUucHJvdG9idWYuVHlwZV1bXQogICAgICAgICAgICB2YWx1ZSBpbiBiaW5hcnkgZm9ybWF0LCBvciBwcm9kdWNlIGFuIGVycm9yLgogICAgICAgICAgKiBBcHBsaWNhdGlvbnMgYXJlIGFsbG93ZWQgdG8gY2FjaGUgbG9va3VwIHJlc3VsdHMgYmFzZWQgb24gdGhlCiAgICAgICAgICAgIFVSTCwgb3IgaGF2ZSB0aGVtIHByZWNvbXBpbGVkIGludG8gYSBiaW5hcnkgdG8gYXZvaWQgYW55CiAgICAgICAgICAgIGxvb2t1cC4gVGhlcmVmb3JlLCBiaW5hcnkgY29tcGF0aWJpbGl0eSBuZWVkcyB0byBiZSBwcmVzZXJ2ZWQKICAgICAgICAgICAgb24gY2hhbmdlcyB0byB0eXBlcy4gKFVzZSB2ZXJzaW9uZWQgdHlwZSBuYW1lcyB0byBtYW5hZ2UKICAgICAgICAgICAgYnJlYWtpbmcgY2hhbmdlcy4pCgogICAgICAgICAgTm90ZTogdGhpcyBmdW5jdGlvbmFsaXR5IGlzIG5vdCBjdXJyZW50bHkgYXZhaWxhYmxlIGluIHRoZSBvZmZpY2lhbAogICAgICAgICAgcHJvdG9idWYgcmVsZWFzZSwgYW5kIGl0IGlzIG5vdCB1c2VkIGZvciB0eXBlIFVSTHMgYmVnaW5uaW5nIHdpdGgKICAgICAgICAgIHR5cGUuZ29vZ2xlYXBpcy5jb20uIEFzIG9mIE1heSAyMDIzLCB0aGVyZSBhcmUgbm8gd2lkZWx5IHVzZWQgdHlwZSBzZXJ2ZXIKICAgICAgICAgIGltcGxlbWVudGF0aW9ucyBhbmQgbm8gcGxhbnMgdG8gaW1wbGVtZW50IG9uZS4KCiAgICAgICAgICBTY2hlbWVzIG90aGVyIHRoYW4gYGh0dHBgLCBgaHR0cHNgIChvciB0aGUgZW1wdHkgc2NoZW1lKSBtaWdodCBiZQogICAgICAgICAgdXNlZCB3aXRoIGltcGxlbWVudGF0aW9uIHNwZWNpZmljIHNlbWFudGljcy4KICAgIGFkZGl0aW9uYWxQcm9wZXJ0aWVzOiB7fQogICAgZGVzY3JpcHRpb246IHwtCiAgICAgIGBBbnlgIGNvbnRhaW5zIGFuIGFyYml0cmFyeSBzZXJpYWxpemVkIHByb3RvY29sIGJ1ZmZlciBtZXNzYWdlIGFsb25nIHdpdGggYQogICAgICBVUkwgdGhhdCBkZXNjcmliZXMgdGhlIHR5cGUgb2YgdGhlIHNlcmlhbGl6ZWQgbWVzc2FnZS4KCiAgICAgIFByb3RvYnVmIGxpYnJhcnkgcHJvdmlkZXMgc3VwcG9ydCB0byBwYWNrL3VucGFjayBBbnkgdmFsdWVzIGluIHRoZSBmb3JtCiAgICAgIG9mIHV0aWxpdHkgZnVuY3Rpb25zIG9yIGFkZGl0aW9uYWwgZ2VuZXJhdGVkIG1ldGhvZHMgb2YgdGhlIEFueSB0eXBlLgoKICAgICAgRXhhbXBsZSAxOiBQYWNrIGFuZCB1bnBhY2sgYSBtZXNzYWdlIGluIEMrKy4KCiAgICAgICAgICBGb28gZm9vID0gLi4uOwogICAgICAgICAgQW55IGFueTsKICAgICAgICAgIGFueS5QYWNrRnJvbShmb28pOwogICAgICAgICAgLi4uCiAgICAgICAgICBpZiAoYW55LlVucGFja1RvKCZmb28pKSB7CiAgICAgICAgICAgIC4uLgogICAgICAgICAgfQoKICAgICAgRXhhbXBsZSAyOiBQYWNrIGFuZCB1bnBhY2sgYSBtZXNzYWdlIGluIEphdmEuCgogICAgICAgICAgRm9vIGZvbyA9IC4uLjsKICAgICAgICAgIEFueSBhbnkgPSBBbnkucGFjayhmb28pOwogICAgICAgICAgLi4uCiAgICAgICAgICBpZiAoYW55LmlzKEZvby5jbGFzcykpIHsKICAgICAgICAgICAgZm9vID0gYW55LnVucGFjayhGb28uY2xhc3MpOwogICAgICAgICAgfQogICAgICAgICAgLy8gb3IgLi4uCiAgICAgICAgICBpZiAoYW55LmlzU2FtZVR5cGVBcyhGb28uZ2V0RGVmYXVsdEluc3RhbmNlKCkpKSB7CiAgICAgICAgICAgIGZvbyA9IGFueS51bnBhY2soRm9vLmdldERlZmF1bHRJbnN0YW5jZSgpKTsKICAgICAgICAgIH0KCiAgICAgICBFeGFtcGxlIDM6IFBhY2sgYW5kIHVucGFjayBhIG1lc3NhZ2UgaW4gUHl0aG9uLgoKICAgICAgICAgIGZvbyA9IEZvbyguLi4pCiAgICAgICAgICBhbnkgPSBBbnkoKQogICAgICAgICAgYW55LlBhY2soZm9vKQogICAgICAgICAgLi4uCiAgICAgICAgICBpZiBhbnkuSXMoRm9vLkRFU0NSSVBUT1IpOgogICAgICAgICAgICBhbnkuVW5wYWNrKGZvbykKICAgICAgICAgICAgLi4uCgogICAgICAgRXhhbXBsZSA0OiBQYWNrIGFuZCB1bnBhY2sgYSBtZXNzYWdlIGluIEdvCgogICAgICAgICAgIGZvbyA6PSAmcGIuRm9vey4uLn0KICAgICAgICAgICBhbnksIGVyciA6PSBhbnlwYi5OZXcoZm9vKQogICAgICAgICAgIGlmIGVyciAhPSBuaWwgewogICAgICAgICAgICAgLi4uCiAgICAgICAgICAgfQogICAgICAgICAgIC4uLgogICAgICAgICAgIGZvbyA6PSAmcGIuRm9ve30KICAgICAgICAgICBpZiBlcnIgOj0gYW55LlVubWFyc2hhbFRvKGZvbyk7IGVyciAhPSBuaWwgewogICAgICAgICAgICAgLi4uCiAgICAgICAgICAgfQoKICAgICAgVGhlIHBhY2sgbWV0aG9kcyBwcm92aWRlZCBieSBwcm90b2J1ZiBsaWJyYXJ5IHdpbGwgYnkgZGVmYXVsdCB1c2UKICAgICAgJ3R5cGUuZ29vZ2xlYXBpcy5jb20vZnVsbC50eXBlLm5hbWUnIGFzIHRoZSB0eXBlIFVSTCBhbmQgdGhlIHVucGFjawogICAgICBtZXRob2RzIG9ubHkgdXNlIHRoZSBmdWxseSBxdWFsaWZpZWQgdHlwZSBuYW1lIGFmdGVyIHRoZSBsYXN0ICcvJwogICAgICBpbiB0aGUgdHlwZSBVUkwsIGZvciBleGFtcGxlICJmb28uYmFyLmNvbS94L3kueiIgd2lsbCB5aWVsZCB0eXBlCiAgICAgIG5hbWUgInkueiIuCgogICAgICBKU09OCiAgICAgID09PT0KICAgICAgVGhlIEpTT04gcmVwcmVzZW50YXRpb24gb2YgYW4gYEFueWAgdmFsdWUgdXNlcyB0aGUgcmVndWxhcgogICAgICByZXByZXNlbnRhdGlvbiBvZiB0aGUgZGVzZXJpYWxpemVkLCBlbWJlZGRlZCBtZXNzYWdlLCB3aXRoIGFuCiAgICAgIGFkZGl0aW9uYWwgZmllbGQgYEB0eXBlYCB3aGljaCBjb250YWlucyB0aGUgdHlwZSBVUkwuIEV4YW1wbGU6CgogICAgICAgICAgcGFja2FnZSBnb29nbGUucHJvZmlsZTsKICAgICAgICAgIG1lc3NhZ2UgUGVyc29uIHsKICAgICAgICAgICAgc3RyaW5nIGZpcnN0X25hbWUgPSAxOwogICAgICAgICAgICBzdHJpbmcgbGFzdF9uYW1lID0gMjsKICAgICAgICAgIH0KCiAgICAgICAgICB7CiAgICAgICAgICAgICJAdHlwZSI6ICJ0eXBlLmdvb2dsZWFwaXMuY29tL2dvb2dsZS5wcm9maWxlLlBlcnNvbiIsCiAgICAgICAgICAgICJmaXJzdE5hbWUiOiA8c3RyaW5nPiwKICAgICAgICAgICAgImxhc3ROYW1lIjogPHN0cmluZz4KICAgICAgICAgIH0KCiAgICAgIElmIHRoZSBlbWJlZGRlZCBtZXNzYWdlIHR5cGUgaXMgd2VsbC1rbm93biBhbmQgaGFzIGEgY3VzdG9tIEpTT04KICAgICAgcmVwcmVzZW50YXRpb24sIHRoYXQgcmVwcmVzZW50YXRpb24gd2lsbCBiZSBlbWJlZGRlZCBhZGRpbmcgYSBmaWVsZAogICAgICBgdmFsdWVgIHdoaWNoIGhvbGRzIHRoZSBjdXN0b20gSlNPTiBpbiBhZGRpdGlvbiB0byB0aGUgYEB0eXBlYAogICAgICBmaWVsZC4gRXhhbXBsZSAoZm9yIG1lc3NhZ2UgW2dvb2dsZS5wcm90b2J1Zi5EdXJhdGlvbl1bXSk6CgogICAgICAgICAgewogICAgICAgICAgICAiQHR5cGUiOiAidHlwZS5nb29nbGVhcGlzLmNvbS9nb29nbGUucHJvdG9idWYuRHVyYXRpb24iLAogICAgICAgICAgICAidmFsdWUiOiAiMS4yMTJzIgogICAgICAgICAgfQogIHJwY1N0YXR1czoKICAgIHR5cGU6IG9iamVjdAogICAgcHJvcGVydGllczoKICAgICAgY29kZToKICAgICAgICB0eXBlOiBpbnRlZ2VyCiAgICAgICAgZm9ybWF0OiBpbnQzMgogICAgICBtZXNzYWdlOgogICAgICAgIHR5cGU6IHN0cmluZwogICAgICBkZXRhaWxzOgogICAgICAgIHR5cGU6IGFycmF5CiAgICAgICAgaXRlbXM6CiAgICAgICAgICB0eXBlOiBvYmplY3QKICAgICAgICAgICRyZWY6ICcjL2RlZmluaXRpb25zL3Byb3RvYnVmQW55JwogIHVzZXJMaXN0VXNlclJlcXVlc3Q6CiAgICB0eXBlOiBvYmplY3QKICB1c2VyTGlzdFVzZXJSZXNwb25zZToKICAgIHR5cGU6IG9iamVjdAogICAgcHJvcGVydGllczoKICAgICAgdXNlcnM6CiAgICAgICAgdHlwZTogYXJyYXkKICAgICAgICBpdGVtczoKICAgICAgICAgIHR5cGU6IG9iamVjdAogICAgICAgICAgJHJlZjogJyMvZGVmaW5pdGlvbnMvdXNlclVzZXInCiAgdXNlclVzZXI6CiAgICB0eXBlOiBvYmplY3QKICAgIHByb3BlcnRpZXM6CiAgICAgIHVzZXJJZDoKICAgICAgICB0eXBlOiBzdHJpbmcKICAgICAgICBmb3JtYXQ6IGludDY0CiAgICAgIHVzZXJuYW1lOgogICAgICAgIHR5cGU6IHN0cmluZwogICAgICBlbWFpbDoKICAgICAgICB0eXBlOiBzdHJpbmcKCngtZ29vZ2xlLWJhY2tlbmQ6CiAgYWRkcmVzczogaHR0cHM6Ly9uZXh0LWdvLWNsb3VkcnVuLWJhY2tlbmQtZ3JwYy1sc21lbnhmbHVhLXVjLmEucnVuLmFwcAogIHByb3RvY29sOiBoMgogIHBhdGhfdHJhbnNsYXRpb246IEFQUEVORF9QQVRIX1RPX0FERFJFU1M=",
                    "path": "../../../../../apps/grpc_backend/src/_generated/openapi/api_definition.swagger.yaml"
                  }
                ]
              }
            ],
            "project": "next-go-451412",
            "service_config_id": "backend-api-config-2fmpogyzwmqyh",
            "terraform_labels": {
              "goog-terraform-provisioned": "true"
            },
            "timeouts": null
          },
          "sensitive_attributes": [],
          "private": "eyJlMmJmYjczMC1lY2FhLTExZTYtOGY4OC0zNDM2M2JjN2M0YzAiOnsiY3JlYXRlIjoxMjAwMDAwMDAwMDAwLCJkZWxldGUiOjEyMDAwMDAwMDAwMDAsInVwZGF0ZSI6MTIwMDAwMDAwMDAwMH19",
          "dependencies": [
            "google_api_gateway_api.api",
            "google_cloud_run_service.backend_grpc",
            "google_project_service.api_gateway_api",
            "google_project_service.cloud_run_api",
            "google_service_account.cloudrun_service_account"
          ]
        }
      ]
    },
    {
      "mode": "managed",
      "type": "google_api_gateway_gateway",
      "name": "gateway",
      "provider": "provider[\"registry.terraform.io/hashicorp/google-beta\"]",
      "instances": [
        {
          "schema_version": 0,
          "attributes": {
            "api_config": "projects/540296390385/locations/global/apis/backend-api/configs/backend-api-config",
            "default_hostname": "grpc-backend-gateway-6w7iiqy9.uc.gateway.dev",
            "display_name": "grpc-backend-gateway",
            "effective_labels": {
              "goog-terraform-provisioned": "true"
            },
            "gateway_id": "grpc-backend-gateway",
            "id": "projects/next-go-451412/locations/us-central1/gateways/grpc-backend-gateway",
            "labels": {},
            "name": "projects/next-go-451412/locations/us-central1/gateways/grpc-backend-gateway",
            "project": "next-go-451412",
            "region": "us-central1",
            "terraform_labels": {
              "goog-terraform-provisioned": "true"
            },
            "timeouts": null
          },
          "sensitive_attributes": [],
          "private": "eyJlMmJmYjczMC1lY2FhLTExZTYtOGY4OC0zNDM2M2JjN2M0YzAiOnsiY3JlYXRlIjoxMjAwMDAwMDAwMDAwLCJkZWxldGUiOjEyMDAwMDAwMDAwMDAsInVwZGF0ZSI6MTIwMDAwMDAwMDAwMH19",
          "dependencies": [
            "google_api_gateway_api.api",
            "google_api_gateway_api_config.config",
            "google_cloud_run_service.backend_grpc",
            "google_project_service.api_gateway_api",
            "google_project_service.cloud_run_api",
            "google_service_account.cloudrun_service_account"
          ]
        }
      ]
    },
    {
      "mode": "managed",
      "type": "google_artifact_registry_repository",
      "name": "frontend",
      "provider": "provider[\"registry.terraform.io/hashicorp/google\"]",
      "instances": [
        {
          "schema_version": 0,
          "attributes": {
            "cleanup_policies": [],
            "cleanup_policy_dry_run": false,
            "create_time": "2025-02-19T12:49:34.952772Z",
            "description": "next-go",
            "docker_config": [],
            "effective_labels": {},
            "format": "DOCKER",
            "id": "projects/next-go-451412/locations/us-central1/repositories/next-go",
            "kms_key_name": "",
            "labels": {},
            "location": "us-central1",
            "maven_config": [],
            "mode": "STANDARD_REPOSITORY",
            "name": "next-go",
            "project": "next-go-451412",
            "remote_repository_config": [],
            "repository_id": "next-go",
            "terraform_labels": {},
            "timeouts": null,
            "update_time": "2025-02-19T12:49:34.952772Z",
            "virtual_repository_config": []
          },
          "sensitive_attributes": [],
          "private": "eyJlMmJmYjczMC1lY2FhLTExZTYtOGY4OC0zNDM2M2JjN2M0YzAiOnsiY3JlYXRlIjoxMjAwMDAwMDAwMDAwLCJkZWxldGUiOjEyMDAwMDAwMDAwMDAsInVwZGF0ZSI6MTIwMDAwMDAwMDAwMH19"
        }
      ]
    },
    {
      "mode": "managed",
      "type": "google_cloud_run_service",
      "name": "backend_grpc",
      "provider": "provider[\"registry.terraform.io/hashicorp/google\"]",
      "instances": [
        {
          "schema_version": 2,
          "attributes": {
            "autogenerate_revision_name": false,
            "id": "locations/us-central1/namespaces/next-go-451412/services/next-go-cloudrun-backend-grpc",
            "location": "us-central1",
            "metadata": [
              {
                "annotations": {
                  "run.googleapis.com/client-name": "terraform"
                },
                "effective_annotations": {
                  "run.googleapis.com/client-name": "terraform",
                  "run.googleapis.com/ingress": "all",
                  "run.googleapis.com/ingress-status": "all",
                  "run.googleapis.com/operation-id": "391c0513-de06-4b02-945a-b3f2f8ae1ea3",
                  "run.googleapis.com/urls": "[\"https://next-go-cloudrun-backend-grpc-540296390385.us-central1.run.app\",\"https://next-go-cloudrun-backend-grpc-lsmenxflua-uc.a.run.app\"]",
                  "serving.knative.dev/creator": "yusuke.iritani0909@gmail.com",
                  "serving.knative.dev/lastModifier": "yusuke.iritani0909@gmail.com"
                },
                "effective_labels": {
                  "cloud.googleapis.com/location": "us-central1"
                },
                "generation": 1,
                "labels": {},
                "namespace": "next-go-451412",
                "resource_version": "AAYufhfwvoY",
                "self_link": "/apis/serving.knative.dev/v1/namespaces/540296390385/services/next-go-cloudrun-backend-grpc",
                "terraform_labels": {},
                "uid": "8e828204-86c8-4af8-9f00-a05cb71207fd"
              }
            ],
            "name": "next-go-cloudrun-backend-grpc",
            "project": "next-go-451412",
            "status": [
              {
                "conditions": [
                  {
                    "message": "",
                    "reason": "",
                    "status": "True",
                    "type": "Ready"
                  },
                  {
                    "message": "",
                    "reason": "",
                    "status": "True",
                    "type": "ConfigurationsReady"
                  },
                  {
                    "message": "",
                    "reason": "",
                    "status": "True",
                    "type": "RoutesReady"
                  }
                ],
                "latest_created_revision_name": "next-go-cloudrun-backend-grpc-00001-8rx",
                "latest_ready_revision_name": "next-go-cloudrun-backend-grpc-00001-8rx",
                "observed_generation": 1,
                "traffic": [
                  {
                    "latest_revision": true,
                    "percent": 100,
                    "revision_name": "next-go-cloudrun-backend-grpc-00001-8rx",
                    "tag": "",
                    "url": ""
                  }
                ],
                "url": "https://next-go-cloudrun-backend-grpc-lsmenxflua-uc.a.run.app"
              }
            ],
            "template": [
              {
                "metadata": [
                  {
                    "annotations": {
                      "autoscaling.knative.dev/maxScale": "100"
                    },
                    "generation": 0,
                    "labels": {
                      "run.googleapis.com/startupProbeType": "Default"
                    },
                    "name": "",
                    "namespace": "",
                    "resource_version": "",
                    "self_link": "",
                    "uid": ""
                  }
                ],
                "spec": [
                  {
                    "container_concurrency": 80,
                    "containers": [
                      {
                        "args": [],
                        "command": [],
                        "env": [],
                        "env_from": [],
                        "image": "us-central1-docker.pkg.dev/next-go-451412/next-go/backend-grpc",
                        "liveness_probe": [],
                        "name": "",
                        "ports": [
                          {
                            "container_port": 8080,
                            "name": "http1",
                            "protocol": ""
                          }
                        ],
                        "resources": [
                          {
                            "limits": {
                              "cpu": "1000m",
                              "memory": "512Mi"
                            },
                            "requests": {}
                          }
                        ],
                        "startup_probe": [
                          {
                            "failure_threshold": 1,
                            "grpc": [],
                            "http_get": [],
                            "initial_delay_seconds": 0,
                            "period_seconds": 240,
                            "tcp_socket": [
                              {
                                "port": 8080
                              }
                            ],
                            "timeout_seconds": 240
                          }
                        ],
                        "volume_mounts": [],
                        "working_dir": ""
                      }
                    ],
                    "service_account_name": "cloudrun-sa@next-go-451412.iam.gserviceaccount.com",
                    "serving_state": "",
                    "timeout_seconds": 300,
                    "volumes": []
                  }
                ]
              }
            ],
            "timeouts": null,
            "traffic": [
              {
                "latest_revision": true,
                "percent": 100,
                "revision_name": "",
                "tag": "",
                "url": ""
              }
            ]
          },
          "sensitive_attributes": [],
          "private": "eyJlMmJmYjczMC1lY2FhLTExZTYtOGY4OC0zNDM2M2JjN2M0YzAiOnsiY3JlYXRlIjoxMjAwMDAwMDAwMDAwLCJkZWxldGUiOjEyMDAwMDAwMDAwMDAsInVwZGF0ZSI6MTIwMDAwMDAwMDAwMH0sInNjaGVtYV92ZXJzaW9uIjoiMiJ9",
          "dependencies": [
            "google_project_service.cloud_run_api",
            "google_service_account.cloudrun_service_account"
          ]
        }
      ]
    },
    {
      "mode": "managed",
      "type": "google_cloud_run_service",
      "name": "frontend",
      "provider": "provider[\"registry.terraform.io/hashicorp/google\"]",
      "instances": [
        {
          "schema_version": 2,
          "attributes": {
            "autogenerate_revision_name": false,
            "id": "locations/us-central1/namespaces/next-go-451412/services/next-go-cloudrun-frontend",
            "location": "us-central1",
            "metadata": [
              {
                "annotations": {
                  "run.googleapis.com/client-name": "terraform",
                  "run.googleapis.com/ingress": "internal-and-cloud-load-balancing"
                },
                "effective_annotations": {
                  "run.googleapis.com/client-name": "terraform",
                  "run.googleapis.com/ingress": "internal-and-cloud-load-balancing",
                  "run.googleapis.com/ingress-status": "internal-and-cloud-load-balancing",
                  "run.googleapis.com/operation-id": "c94ded07-234c-42b1-97ac-7c5fda72731e",
                  "run.googleapis.com/urls": "[\"https://next-go-cloudrun-frontend-540296390385.us-central1.run.app\",\"https://next-go-cloudrun-frontend-lsmenxflua-uc.a.run.app\"]",
                  "serving.knative.dev/creator": "yusuke.iritani0909@gmail.com",
                  "serving.knative.dev/lastModifier": "yusuke.iritani0909@gmail.com"
                },
                "effective_labels": {
                  "cloud.googleapis.com/location": "us-central1"
                },
                "generation": 1,
                "labels": {},
                "namespace": "next-go-451412",
                "resource_version": "AAYufhc1uQg",
                "self_link": "/apis/serving.knative.dev/v1/namespaces/540296390385/services/next-go-cloudrun-frontend",
                "terraform_labels": {},
                "uid": "77f67990-ff5a-495d-be8a-4d47662fa09c"
              }
            ],
            "name": "next-go-cloudrun-frontend",
            "project": "next-go-451412",
            "status": [
              {
                "conditions": [
                  {
                    "message": "",
                    "reason": "",
                    "status": "True",
                    "type": "Ready"
                  },
                  {
                    "message": "",
                    "reason": "",
                    "status": "True",
                    "type": "ConfigurationsReady"
                  },
                  {
                    "message": "",
                    "reason": "",
                    "status": "True",
                    "type": "RoutesReady"
                  }
                ],
                "latest_created_revision_name": "next-go-cloudrun-frontend-00001-cgp",
                "latest_ready_revision_name": "next-go-cloudrun-frontend-00001-cgp",
                "observed_generation": 1,
                "traffic": [
                  {
                    "latest_revision": true,
                    "percent": 100,
                    "revision_name": "next-go-cloudrun-frontend-00001-cgp",
                    "tag": "",
                    "url": ""
                  }
                ],
                "url": "https://next-go-cloudrun-frontend-lsmenxflua-uc.a.run.app"
              }
            ],
            "template": [
              {
                "metadata": [
                  {
                    "annotations": {
                      "autoscaling.knative.dev/maxScale": "100"
                    },
                    "generation": 0,
                    "labels": {
                      "run.googleapis.com/startupProbeType": "Default"
                    },
                    "name": "",
                    "namespace": "",
                    "resource_version": "",
                    "self_link": "",
                    "uid": ""
                  }
                ],
                "spec": [
                  {
                    "container_concurrency": 80,
                    "containers": [
                      {
                        "args": [],
                        "command": [],
                        "env": [],
                        "env_from": [],
                        "image": "us-central1-docker.pkg.dev/next-go-451412/next-go/frontend",
                        "liveness_probe": [],
                        "name": "",
                        "ports": [
                          {
                            "container_port": 3000,
                            "name": "http1",
                            "protocol": ""
                          }
                        ],
                        "resources": [
                          {
                            "limits": {
                              "cpu": "1000m",
                              "memory": "512Mi"
                            },
                            "requests": {}
                          }
                        ],
                        "startup_probe": [
                          {
                            "failure_threshold": 1,
                            "grpc": [],
                            "http_get": [],
                            "initial_delay_seconds": 0,
                            "period_seconds": 240,
                            "tcp_socket": [
                              {
                                "port": 3000
                              }
                            ],
                            "timeout_seconds": 240
                          }
                        ],
                        "volume_mounts": [],
                        "working_dir": ""
                      }
                    ],
                    "service_account_name": "cloudrun-sa@next-go-451412.iam.gserviceaccount.com",
                    "serving_state": "",
                    "timeout_seconds": 300,
                    "volumes": []
                  }
                ]
              }
            ],
            "timeouts": null,
            "traffic": [
              {
                "latest_revision": true,
                "percent": 100,
                "revision_name": "",
                "tag": "",
                "url": ""
              }
            ]
          },
          "sensitive_attributes": [],
          "private": "eyJlMmJmYjczMC1lY2FhLTExZTYtOGY4OC0zNDM2M2JjN2M0YzAiOnsiY3JlYXRlIjoxMjAwMDAwMDAwMDAwLCJkZWxldGUiOjEyMDAwMDAwMDAwMDAsInVwZGF0ZSI6MTIwMDAwMDAwMDAwMH0sInNjaGVtYV92ZXJzaW9uIjoiMiJ9",
          "dependencies": [
            "google_project_service.cloud_run_api",
            "google_service_account.cloudrun_service_account"
          ]
        }
      ]
    },
    {
      "mode": "managed",
      "type": "google_cloud_run_service_iam_policy",
      "name": "noauth-backend_grpc",
      "provider": "provider[\"registry.terraform.io/hashicorp/google\"]",
      "instances": [
        {
          "schema_version": 0,
          "attributes": {
            "etag": "BwYufhgMKTo=",
            "id": "v1/projects/next-go-451412/locations/us-central1/services/next-go-cloudrun-backend-grpc",
            "location": "us-central1",
            "policy_data": "{\"bindings\":[{\"members\":[\"allUsers\"],\"role\":\"roles/run.invoker\"}]}",
            "project": "next-go-451412",
            "service": "v1/projects/next-go-451412/locations/us-central1/services/next-go-cloudrun-backend-grpc"
          },
          "sensitive_attributes": [],
          "private": "bnVsbA==",
          "dependencies": [
            "data.google_iam_policy.noauth",
            "google_cloud_run_service.backend_grpc",
            "google_project_service.cloud_run_api",
            "google_service_account.cloudrun_service_account"
          ]
        }
      ]
    },
    {
      "mode": "managed",
      "type": "google_cloud_run_service_iam_policy",
      "name": "noauth-frontend",
      "provider": "provider[\"registry.terraform.io/hashicorp/google\"]",
      "instances": [
        {
          "schema_version": 0,
          "attributes": {
            "etag": "BwYufhdls9U=",
            "id": "v1/projects/next-go-451412/locations/us-central1/services/next-go-cloudrun-frontend",
            "location": "us-central1",
            "policy_data": "{\"bindings\":[{\"members\":[\"allUsers\"],\"role\":\"roles/run.invoker\"}]}",
            "project": "next-go-451412",
            "service": "v1/projects/next-go-451412/locations/us-central1/services/next-go-cloudrun-frontend"
          },
          "sensitive_attributes": [],
          "private": "bnVsbA==",
          "dependencies": [
            "data.google_iam_policy.noauth",
            "google_cloud_run_service.frontend",
            "google_project_service.cloud_run_api",
            "google_service_account.cloudrun_service_account"
          ]
        }
      ]
    },
    {
      "mode": "managed",
      "type": "google_cloudbuild_trigger",
      "name": "backend_grpc",
      "provider": "provider[\"registry.terraform.io/hashicorp/google\"]",
      "instances": [
        {
          "schema_version": 2,
          "attributes": {
            "approval_config": [
              {
                "approval_required": false
              }
            ],
            "bitbucket_server_trigger_config": [],
            "build": [],
            "create_time": "2025-02-19T12:49:25.757555528Z",
            "description": "",
            "disabled": false,
            "filename": "cloudbuild.backend_grpc.yaml",
            "filter": "",
            "git_file_source": [],
            "github": [
              {
                "enterprise_config_resource_name": "",
                "name": "next_go",
                "owner": "yiritani",
                "pull_request": [],
                "push": [
                  {
                    "branch": "main",
                    "invert_regex": false,
                    "tag": ""
                  }
                ]
              }
            ],
            "id": "projects/next-go-451412/triggers/24850402-4874-497c-b974-00db2fde54f8",
            "ignored_files": [],
            "include_build_logs": "",
            "included_files": [],
            "location": "global",
            "name": "next-go-cloudbuild-trigger-backend-grpc",
            "project": "next-go-451412",
            "pubsub_config": [],
            "repository_event_config": [],
            "service_account": "projects/next-go-451412/serviceAccounts/cloudbuild-sa@next-go-451412.iam.gserviceaccount.com",
            "source_to_build": [],
            "substitutions": {
              "_CLOUD_RUN_SERVICE": "next-go-cloudrun-backend-grpc",
              "_CLOUD_RUN_SERVICE_ACCOUNT": "cloudrun-sa@next-go-451412.iam.gserviceaccount.com",
              "_DOCKERFILE": "apps/backend_grpc/Dockerfile",
              "_IMAGE": "us-central1-docker.pkg.dev/next-go-451412/next-go/backend-grpc",
              "_NEXT_PUBLIC_API_URL_GRPC": "https://next-go-cloudrun-backend-grpc-lsmenxflua-uc.a.run.app",
              "_REGION": "us-central1",
              "_REPO": "next-go",
              "_SERVICE": "next-go"
            },
            "tags": [],
            "timeouts": null,
            "trigger_id": "24850402-4874-497c-b974-00db2fde54f8",
            "trigger_template": [],
            "webhook_config": []
          },
          "sensitive_attributes": [],
          "private": "eyJlMmJmYjczMC1lY2FhLTExZTYtOGY4OC0zNDM2M2JjN2M0YzAiOnsiY3JlYXRlIjoxMjAwMDAwMDAwMDAwLCJkZWxldGUiOjEyMDAwMDAwMDAwMDAsInVwZGF0ZSI6MTIwMDAwMDAwMDAwMH0sInNjaGVtYV92ZXJzaW9uIjoiMiJ9",
          "dependencies": [
            "google_cloud_run_service.backend_grpc",
            "google_project_service.cloud_build_api",
            "google_project_service.cloud_run_api",
            "google_service_account.cloudbuild_service_account",
            "google_service_account.cloudrun_service_account"
          ]
        }
      ]
    },
    {
      "mode": "managed",
      "type": "google_cloudbuild_trigger",
      "name": "frontend",
      "provider": "provider[\"registry.terraform.io/hashicorp/google\"]",
      "instances": [
        {
          "schema_version": 2,
          "attributes": {
            "approval_config": [
              {
                "approval_required": false
              }
            ],
            "bitbucket_server_trigger_config": [],
            "build": [],
            "create_time": "2025-02-19T12:49:26.404217Z",
            "description": "",
            "disabled": false,
            "filename": "cloudbuild.frontend.yaml",
            "filter": "",
            "git_file_source": [],
            "github": [
              {
                "enterprise_config_resource_name": "",
                "name": "next_go",
                "owner": "yiritani",
                "pull_request": [],
                "push": [
                  {
                    "branch": "main",
                    "invert_regex": false,
                    "tag": ""
                  }
                ]
              }
            ],
            "id": "projects/next-go-451412/triggers/ad016e18-e8f5-4f3b-b614-3b6ea28f75eb",
            "ignored_files": [],
            "include_build_logs": "",
            "included_files": [],
            "location": "global",
            "name": "next-go-cloudbuild-trigger-frontend",
            "project": "next-go-451412",
            "pubsub_config": [],
            "repository_event_config": [],
            "service_account": "projects/next-go-451412/serviceAccounts/cloudbuild-sa@next-go-451412.iam.gserviceaccount.com",
            "source_to_build": [],
            "substitutions": {
              "_CLOUD_RUN_SERVICE": "next-go-cloudrun-frontend",
              "_CLOUD_RUN_SERVICE_ACCOUNT": "cloudrun-sa@next-go-451412.iam.gserviceaccount.com",
              "_DOCKERFILE": "apps/frontend/Dockerfile",
              "_IMAGE": "us-central1-docker.pkg.dev/next-go-451412/next-go/frontend",
              "_NEXT_PUBLIC_API_URL_GRPC": "https://next-go-cloudrun-backend-grpc-lsmenxflua-uc.a.run.app",
              "_REGION": "us-central1",
              "_REPO": "next-go",
              "_SERVICE": "next-go"
            },
            "tags": [],
            "timeouts": null,
            "trigger_id": "ad016e18-e8f5-4f3b-b614-3b6ea28f75eb",
            "trigger_template": [],
            "webhook_config": []
          },
          "sensitive_attributes": [],
          "private": "eyJlMmJmYjczMC1lY2FhLTExZTYtOGY4OC0zNDM2M2JjN2M0YzAiOnsiY3JlYXRlIjoxMjAwMDAwMDAwMDAwLCJkZWxldGUiOjEyMDAwMDAwMDAwMDAsInVwZGF0ZSI6MTIwMDAwMDAwMDAwMH0sInNjaGVtYV92ZXJzaW9uIjoiMiJ9",
          "dependencies": [
            "google_cloud_run_service.backend_grpc",
            "google_cloud_run_service.frontend",
            "google_project_service.cloud_build_api",
            "google_project_service.cloud_run_api",
            "google_service_account.cloudbuild_service_account",
            "google_service_account.cloudrun_service_account"
          ]
        }
      ]
    },
    {
      "mode": "managed",
      "type": "google_compute_backend_service",
      "name": "frontend_backend",
      "provider": "provider[\"registry.terraform.io/hashicorp/google\"]",
      "instances": [
        {
          "schema_version": 1,
          "attributes": {
            "affinity_cookie_ttl_sec": 0,
            "backend": [
              {
                "balancing_mode": "UTILIZATION",
                "capacity_scaler": 1,
                "description": "",
                "group": "https://www.googleapis.com/compute/v1/projects/next-go-451412/regions/us-central1/networkEndpointGroups/neg-frontend",
                "max_connections": 0,
                "max_connections_per_endpoint": 0,
                "max_connections_per_instance": 0,
                "max_rate": 0,
                "max_rate_per_endpoint": 0,
                "max_rate_per_instance": 0,
                "max_utilization": 0
              }
            ],
            "cdn_policy": [],
            "circuit_breakers": [],
            "compression_mode": "",
            "connection_draining_timeout_sec": 300,
            "consistent_hash": [],
            "creation_timestamp": "2025-02-19T04:55:58.946-08:00",
            "custom_request_headers": [],
            "custom_response_headers": [],
            "description": "",
            "edge_security_policy": "",
            "enable_cdn": false,
            "fingerprint": "RPgM_PBoCKM=",
            "generated_id": 5689288741959002673,
            "health_checks": [],
            "iap": [],
            "id": "projects/next-go-451412/global/backendServices/frontend-backend-service",
            "load_balancing_scheme": "EXTERNAL",
            "locality_lb_policies": [],
            "locality_lb_policy": "",
            "log_config": [],
            "name": "frontend-backend-service",
            "outlier_detection": [],
            "port_name": "http",
            "project": "next-go-451412",
            "protocol": "HTTP",
            "security_policy": "",
            "security_settings": [],
            "self_link": "https://www.googleapis.com/compute/v1/projects/next-go-451412/global/backendServices/frontend-backend-service",
            "service_lb_policy": "",
            "session_affinity": "NONE",
            "timeout_sec": 30,
            "timeouts": null
          },
          "sensitive_attributes": [],
          "private": "eyJlMmJmYjczMC1lY2FhLTExZTYtOGY4OC0zNDM2M2JjN2M0YzAiOnsiY3JlYXRlIjoxMjAwMDAwMDAwMDAwLCJkZWxldGUiOjEyMDAwMDAwMDAwMDAsInVwZGF0ZSI6MTIwMDAwMDAwMDAwMH0sInNjaGVtYV92ZXJzaW9uIjoiMSJ9",
          "dependencies": [
            "google_cloud_run_service.frontend",
            "google_compute_region_network_endpoint_group.app",
            "google_project_service.cloud_run_api",
            "google_service_account.cloudrun_service_account"
          ]
        }
      ]
    },
    {
      "mode": "managed",
      "type": "google_compute_global_forwarding_rule",
      "name": "frontend_http_forwarding_rule",
      "provider": "provider[\"registry.terraform.io/hashicorp/google\"]",
      "instances": [
        {
          "schema_version": 0,
          "attributes": {
            "base_forwarding_rule": "",
            "description": "",
            "effective_labels": {},
            "id": "projects/next-go-451412/global/forwardingRules/next-go-http-forwarding-rule",
            "ip_address": "34.36.61.48",
            "ip_protocol": "TCP",
            "ip_version": "",
            "label_fingerprint": "42WmSpB8rSM=",
            "labels": {},
            "load_balancing_scheme": "EXTERNAL",
            "metadata_filters": [],
            "name": "next-go-http-forwarding-rule",
            "network": "",
            "no_automate_dns_zone": null,
            "port_range": "80-80",
            "project": "next-go-451412",
            "psc_connection_id": "",
            "psc_connection_status": "",
            "self_link": "https://www.googleapis.com/compute/v1/projects/next-go-451412/global/forwardingRules/next-go-http-forwarding-rule",
            "service_directory_registrations": [],
            "source_ip_ranges": [],
            "subnetwork": "",
            "target": "https://www.googleapis.com/compute/v1/projects/next-go-451412/global/targetHttpProxies/next-go-http-proxy",
            "terraform_labels": {},
            "timeouts": null
          },
          "sensitive_attributes": [],
          "private": "eyJlMmJmYjczMC1lY2FhLTExZTYtOGY4OC0zNDM2M2JjN2M0YzAiOnsiY3JlYXRlIjoxMjAwMDAwMDAwMDAwLCJkZWxldGUiOjEyMDAwMDAwMDAwMDAsInVwZGF0ZSI6MTIwMDAwMDAwMDAwMH19",
          "dependencies": [
            "google_cloud_run_service.frontend",
            "google_compute_backend_service.frontend_backend",
            "google_compute_region_network_endpoint_group.app",
            "google_compute_target_http_proxy.frontend_http_proxy",
            "google_compute_url_map.frontend_url_map",
            "google_project_service.cloud_run_api",
            "google_service_account.cloudrun_service_account"
          ]
        }
      ]
    },
    {
      "mode": "managed",
      "type": "google_compute_region_network_endpoint_group",
      "name": "app",
      "provider": "provider[\"registry.terraform.io/hashicorp/google\"]",
      "instances": [
        {
          "schema_version": 0,
          "attributes": {
            "app_engine": [],
            "cloud_function": [],
            "cloud_run": [
              {
                "service": "next-go-cloudrun-frontend",
                "tag": "",
                "url_mask": ""
              }
            ],
            "description": "",
            "id": "projects/next-go-451412/regions/us-central1/networkEndpointGroups/neg-frontend",
            "name": "neg-frontend",
            "network": "",
            "network_endpoint_type": "SERVERLESS",
            "project": "next-go-451412",
            "psc_target_service": "",
            "region": "https://www.googleapis.com/compute/v1/projects/next-go-451412/regions/us-central1",
            "self_link": "https://www.googleapis.com/compute/v1/projects/next-go-451412/regions/us-central1/networkEndpointGroups/neg-frontend",
            "subnetwork": "",
            "timeouts": null
          },
          "sensitive_attributes": [],
          "private": "eyJlMmJmYjczMC1lY2FhLTExZTYtOGY4OC0zNDM2M2JjN2M0YzAiOnsiY3JlYXRlIjoxMjAwMDAwMDAwMDAwLCJkZWxldGUiOjEyMDAwMDAwMDAwMDB9fQ==",
          "dependencies": [
            "google_cloud_run_service.frontend",
            "google_project_service.cloud_run_api",
            "google_service_account.cloudrun_service_account"
          ]
        }
      ]
    },
    {
      "mode": "managed",
      "type": "google_compute_target_http_proxy",
      "name": "frontend_http_proxy",
      "provider": "provider[\"registry.terraform.io/hashicorp/google\"]",
      "instances": [
        {
          "schema_version": 0,
          "attributes": {
            "creation_timestamp": "2025-02-19T04:56:33.372-08:00",
            "description": "",
            "http_keep_alive_timeout_sec": 0,
            "id": "projects/next-go-451412/global/targetHttpProxies/next-go-http-proxy",
            "name": "next-go-http-proxy",
            "project": "next-go-451412",
            "proxy_bind": false,
            "proxy_id": 7147257008819301358,
            "self_link": "https://www.googleapis.com/compute/v1/projects/next-go-451412/global/targetHttpProxies/next-go-http-proxy",
            "timeouts": null,
            "url_map": "https://www.googleapis.com/compute/v1/projects/next-go-451412/global/urlMaps/next-go-url-map"
          },
          "sensitive_attributes": [],
          "private": "eyJlMmJmYjczMC1lY2FhLTExZTYtOGY4OC0zNDM2M2JjN2M0YzAiOnsiY3JlYXRlIjoxMjAwMDAwMDAwMDAwLCJkZWxldGUiOjEyMDAwMDAwMDAwMDAsInVwZGF0ZSI6MTIwMDAwMDAwMDAwMH19",
          "dependencies": [
            "google_cloud_run_service.frontend",
            "google_compute_backend_service.frontend_backend",
            "google_compute_region_network_endpoint_group.app",
            "google_compute_url_map.frontend_url_map",
            "google_project_service.cloud_run_api",
            "google_service_account.cloudrun_service_account"
          ]
        }
      ]
    },
    {
      "mode": "managed",
      "type": "google_compute_url_map",
      "name": "frontend_url_map",
      "provider": "provider[\"registry.terraform.io/hashicorp/google\"]",
      "instances": [
        {
          "schema_version": 0,
          "attributes": {
            "creation_timestamp": "2025-02-19T04:56:21.388-08:00",
            "default_route_action": [],
            "default_service": "https://www.googleapis.com/compute/v1/projects/next-go-451412/global/backendServices/frontend-backend-service",
            "default_url_redirect": [],
            "description": "",
            "fingerprint": "uiU-N4VCP7I=",
            "header_action": [],
            "host_rule": [],
            "id": "projects/next-go-451412/global/urlMaps/next-go-url-map",
            "map_id": 2386238379124091418,
            "name": "next-go-url-map",
            "path_matcher": [],
            "project": "next-go-451412",
            "self_link": "https://www.googleapis.com/compute/v1/projects/next-go-451412/global/urlMaps/next-go-url-map",
            "test": [],
            "timeouts": null
          },
          "sensitive_attributes": [],
          "private": "eyJlMmJmYjczMC1lY2FhLTExZTYtOGY4OC0zNDM2M2JjN2M0YzAiOnsiY3JlYXRlIjoxMjAwMDAwMDAwMDAwLCJkZWxldGUiOjEyMDAwMDAwMDAwMDAsInVwZGF0ZSI6MTIwMDAwMDAwMDAwMH19",
          "dependencies": [
            "google_cloud_run_service.frontend",
            "google_compute_backend_service.frontend_backend",
            "google_compute_region_network_endpoint_group.app",
            "google_project_service.cloud_run_api",
            "google_service_account.cloudrun_service_account"
          ]
        }
      ]
    },
    {
      "mode": "managed",
      "type": "google_project_iam_binding",
      "name": "cloud_run_admin",
      "provider": "provider[\"registry.terraform.io/hashicorp/google\"]",
      "instances": [
        {
          "schema_version": 0,
          "attributes": {
            "condition": [],
            "etag": "BwYufkEzEDo=",
            "id": "next-go-451412/roles/run.admin",
            "members": [
              "serviceAccount:cloudrun-sa@next-go-451412.iam.gserviceaccount.com"
            ],
            "project": "next-go-451412",
            "role": "roles/run.admin"
          },
          "sensitive_attributes": [],
          "private": "bnVsbA==",
          "dependencies": [
            "google_service_account.cloudrun_service_account"
          ]
        }
      ]
    },
    {
      "mode": "managed",
      "type": "google_project_iam_binding",
      "name": "service_account_user",
      "provider": "provider[\"registry.terraform.io/hashicorp/google\"]",
      "instances": [
        {
          "schema_version": 0,
          "attributes": {
            "condition": [],
            "etag": "BwYufkEzEDo=",
            "id": "next-go-451412/roles/iam.serviceAccountUser",
            "members": [
              "serviceAccount:cloudrun-sa@next-go-451412.iam.gserviceaccount.com"
            ],
            "project": "next-go-451412",
            "role": "roles/iam.serviceAccountUser"
          },
          "sensitive_attributes": [],
          "private": "bnVsbA==",
          "dependencies": [
            "google_service_account.cloudrun_service_account"
          ]
        }
      ]
    },
    {
      "mode": "managed",
      "type": "google_project_iam_member",
      "name": "artifact_registry_reader",
      "provider": "provider[\"registry.terraform.io/hashicorp/google\"]",
      "instances": [
        {
          "schema_version": 0,
          "attributes": {
            "condition": [],
            "etag": "BwYufkEzEDo=",
            "id": "next-go-451412/roles/artifactregistry.reader/serviceAccount:cloudbuild-sa@next-go-451412.iam.gserviceaccount.com",
            "member": "serviceAccount:cloudbuild-sa@next-go-451412.iam.gserviceaccount.com",
            "project": "next-go-451412",
            "role": "roles/artifactregistry.reader"
          },
          "sensitive_attributes": [],
          "private": "bnVsbA==",
          "dependencies": [
            "google_service_account.cloudbuild_service_account"
          ]
        }
      ]
    },
    {
      "mode": "managed",
      "type": "google_project_iam_member",
      "name": "artifact_registry_reader_job",
      "provider": "provider[\"registry.terraform.io/hashicorp/google\"]",
      "instances": [
        {
          "schema_version": 0,
          "attributes": {
            "condition": [],
            "etag": "BwYufkEzEDo=",
            "id": "next-go-451412/roles/artifactregistry.reader/serviceAccount:job-sa@next-go-451412.iam.gserviceaccount.com",
            "member": "serviceAccount:job-sa@next-go-451412.iam.gserviceaccount.com",
            "project": "next-go-451412",
            "role": "roles/artifactregistry.reader"
          },
          "sensitive_attributes": [],
          "private": "bnVsbA==",
          "dependencies": [
            "google_service_account.job_service_account"
          ]
        }
      ]
    },
    {
      "mode": "managed",
      "type": "google_project_iam_member",
      "name": "artifact_registry_writer",
      "provider": "provider[\"registry.terraform.io/hashicorp/google\"]",
      "instances": [
        {
          "schema_version": 0,
          "attributes": {
            "condition": [],
            "etag": "BwYufkEzEDo=",
            "id": "next-go-451412/roles/artifactregistry.writer/serviceAccount:cloudbuild-sa@next-go-451412.iam.gserviceaccount.com",
            "member": "serviceAccount:cloudbuild-sa@next-go-451412.iam.gserviceaccount.com",
            "project": "next-go-451412",
            "role": "roles/artifactregistry.writer"
          },
          "sensitive_attributes": [],
          "private": "bnVsbA==",
          "dependencies": [
            "google_service_account.cloudbuild_service_account"
          ]
        }
      ]
    },
    {
      "mode": "managed",
      "type": "google_project_iam_member",
      "name": "artifact_registry_writer_job",
      "provider": "provider[\"registry.terraform.io/hashicorp/google\"]",
      "instances": [
        {
          "schema_version": 0,
          "attributes": {
            "condition": [],
            "etag": "BwYufkEzEDo=",
            "id": "next-go-451412/roles/artifactregistry.writer/serviceAccount:job-sa@next-go-451412.iam.gserviceaccount.com",
            "member": "serviceAccount:job-sa@next-go-451412.iam.gserviceaccount.com",
            "project": "next-go-451412",
            "role": "roles/artifactregistry.writer"
          },
          "sensitive_attributes": [],
          "private": "bnVsbA==",
          "dependencies": [
            "google_service_account.job_service_account"
          ]
        }
      ]
    },
    {
      "mode": "managed",
      "type": "google_project_iam_member",
      "name": "cloud_run_developer",
      "provider": "provider[\"registry.terraform.io/hashicorp/google\"]",
      "instances": [
        {
          "schema_version": 0,
          "attributes": {
            "condition": [],
            "etag": "BwYufkEzEDo=",
            "id": "next-go-451412/roles/run.developer/serviceAccount:cloudbuild-sa@next-go-451412.iam.gserviceaccount.com",
            "member": "serviceAccount:cloudbuild-sa@next-go-451412.iam.gserviceaccount.com",
            "project": "next-go-451412",
            "role": "roles/run.developer"
          },
          "sensitive_attributes": [],
          "private": "bnVsbA==",
          "dependencies": [
            "google_service_account.cloudbuild_service_account"
          ]
        }
      ]
    },
    {
      "mode": "managed",
      "type": "google_project_iam_member",
      "name": "logs_logging_writer",
      "provider": "provider[\"registry.terraform.io/hashicorp/google\"]",
      "instances": [
        {
          "schema_version": 0,
          "attributes": {
            "condition": [],
            "etag": "BwYufkEzEDo=",
            "id": "next-go-451412/roles/logging.logWriter/serviceAccount:cloudbuild-sa@next-go-451412.iam.gserviceaccount.com",
            "member": "serviceAccount:cloudbuild-sa@next-go-451412.iam.gserviceaccount.com",
            "project": "next-go-451412",
            "role": "roles/logging.logWriter"
          },
          "sensitive_attributes": [],
          "private": "bnVsbA==",
          "dependencies": [
            "google_service_account.cloudbuild_service_account"
          ]
        }
      ]
    },
    {
      "mode": "managed",
      "type": "google_project_service",
      "name": "api_gateway_api",
      "provider": "provider[\"registry.terraform.io/hashicorp/google\"]",
      "instances": [
        {
          "schema_version": 0,
          "attributes": {
            "disable_dependent_services": null,
            "disable_on_destroy": false,
            "id": "next-go-451412/apigateway.googleapis.com",
            "project": "next-go-451412",
            "service": "apigateway.googleapis.com",
            "timeouts": null
          },
          "sensitive_attributes": [],
          "private": "eyJlMmJmYjczMC1lY2FhLTExZTYtOGY4OC0zNDM2M2JjN2M0YzAiOnsiY3JlYXRlIjoxMjAwMDAwMDAwMDAwLCJkZWxldGUiOjEyMDAwMDAwMDAwMDAsInJlYWQiOjYwMDAwMDAwMDAwMCwidXBkYXRlIjoxMjAwMDAwMDAwMDAwfX0="
        }
      ]
    },
    {
      "mode": "managed",
      "type": "google_project_service",
      "name": "cloud_build_api",
      "provider": "provider[\"registry.terraform.io/hashicorp/google\"]",
      "instances": [
        {
          "schema_version": 0,
          "attributes": {
            "disable_dependent_services": null,
            "disable_on_destroy": false,
            "id": "next-go-451412/cloudbuild.googleapis.com",
            "project": "next-go-451412",
            "service": "cloudbuild.googleapis.com",
            "timeouts": null
          },
          "sensitive_attributes": [],
          "private": "eyJlMmJmYjczMC1lY2FhLTExZTYtOGY4OC0zNDM2M2JjN2M0YzAiOnsiY3JlYXRlIjoxMjAwMDAwMDAwMDAwLCJkZWxldGUiOjEyMDAwMDAwMDAwMDAsInJlYWQiOjYwMDAwMDAwMDAwMCwidXBkYXRlIjoxMjAwMDAwMDAwMDAwfX0="
        }
      ]
    },
    {
      "mode": "managed",
      "type": "google_project_service",
      "name": "cloud_run_api",
      "provider": "provider[\"registry.terraform.io/hashicorp/google\"]",
      "instances": [
        {
          "schema_version": 0,
          "attributes": {
            "disable_dependent_services": null,
            "disable_on_destroy": false,
            "id": "next-go-451412/run.googleapis.com",
            "project": "next-go-451412",
            "service": "run.googleapis.com",
            "timeouts": null
          },
          "sensitive_attributes": [],
          "private": "eyJlMmJmYjczMC1lY2FhLTExZTYtOGY4OC0zNDM2M2JjN2M0YzAiOnsiY3JlYXRlIjoxMjAwMDAwMDAwMDAwLCJkZWxldGUiOjEyMDAwMDAwMDAwMDAsInJlYWQiOjYwMDAwMDAwMDAwMCwidXBkYXRlIjoxMjAwMDAwMDAwMDAwfX0="
        }
      ]
    },
    {
      "mode": "managed",
      "type": "google_project_service",
      "name": "enable_iam_credentials_api",
      "provider": "provider[\"registry.terraform.io/hashicorp/google\"]",
      "instances": [
        {
          "schema_version": 0,
          "attributes": {
            "disable_dependent_services": true,
            "disable_on_destroy": true,
            "id": "next-go-451412/iamcredentials.googleapis.com",
            "project": "next-go-451412",
            "service": "iamcredentials.googleapis.com",
            "timeouts": null
          },
          "sensitive_attributes": [],
          "private": "eyJlMmJmYjczMC1lY2FhLTExZTYtOGY4OC0zNDM2M2JjN2M0YzAiOnsiY3JlYXRlIjoxMjAwMDAwMDAwMDAwLCJkZWxldGUiOjEyMDAwMDAwMDAwMDAsInJlYWQiOjYwMDAwMDAwMDAwMCwidXBkYXRlIjoxMjAwMDAwMDAwMDAwfX0="
        }
      ]
    },
    {
      "mode": "managed",
      "type": "google_service_account",
      "name": "cloudbuild_service_account",
      "provider": "provider[\"registry.terraform.io/hashicorp/google\"]",
      "instances": [
        {
          "schema_version": 0,
          "attributes": {
            "account_id": "cloudbuild-sa",
            "create_ignore_already_exists": null,
            "description": "Cloud build service account",
            "disabled": false,
            "display_name": "cloudbuild-sa",
            "email": "cloudbuild-sa@next-go-451412.iam.gserviceaccount.com",
            "id": "projects/next-go-451412/serviceAccounts/cloudbuild-sa@next-go-451412.iam.gserviceaccount.com",
            "member": "serviceAccount:cloudbuild-sa@next-go-451412.iam.gserviceaccount.com",
            "name": "projects/next-go-451412/serviceAccounts/cloudbuild-sa@next-go-451412.iam.gserviceaccount.com",
            "project": "next-go-451412",
            "timeouts": null,
            "unique_id": "109834009348090056934"
          },
          "sensitive_attributes": [],
          "private": "eyJlMmJmYjczMC1lY2FhLTExZTYtOGY4OC0zNDM2M2JjN2M0YzAiOnsiY3JlYXRlIjozMDAwMDAwMDAwMDB9fQ=="
        }
      ]
    },
    {
      "mode": "managed",
      "type": "google_service_account",
      "name": "cloudrun_service_account",
      "provider": "provider[\"registry.terraform.io/hashicorp/google\"]",
      "instances": [
        {
          "schema_version": 0,
          "attributes": {
            "account_id": "cloudrun-sa",
            "create_ignore_already_exists": null,
            "description": "Cloud run service account",
            "disabled": false,
            "display_name": "cloudrun-sa",
            "email": "cloudrun-sa@next-go-451412.iam.gserviceaccount.com",
            "id": "projects/next-go-451412/serviceAccounts/cloudrun-sa@next-go-451412.iam.gserviceaccount.com",
            "member": "serviceAccount:cloudrun-sa@next-go-451412.iam.gserviceaccount.com",
            "name": "projects/next-go-451412/serviceAccounts/cloudrun-sa@next-go-451412.iam.gserviceaccount.com",
            "project": "next-go-451412",
            "timeouts": null,
            "unique_id": "107149634638217955184"
          },
          "sensitive_attributes": [],
          "private": "eyJlMmJmYjczMC1lY2FhLTExZTYtOGY4OC0zNDM2M2JjN2M0YzAiOnsiY3JlYXRlIjozMDAwMDAwMDAwMDB9fQ=="
        }
      ]
    },
    {
      "mode": "managed",
      "type": "google_service_account",
      "name": "job_service_account",
      "provider": "provider[\"registry.terraform.io/hashicorp/google\"]",
      "instances": [
        {
          "schema_version": 0,
          "attributes": {
            "account_id": "job-sa",
            "create_ignore_already_exists": null,
            "description": "",
            "disabled": false,
            "display_name": "job-sa",
            "email": "job-sa@next-go-451412.iam.gserviceaccount.com",
            "id": "projects/next-go-451412/serviceAccounts/job-sa@next-go-451412.iam.gserviceaccount.com",
            "member": "serviceAccount:job-sa@next-go-451412.iam.gserviceaccount.com",
            "name": "projects/next-go-451412/serviceAccounts/job-sa@next-go-451412.iam.gserviceaccount.com",
            "project": "next-go-451412",
            "timeouts": null,
            "unique_id": "102573894934113040158"
          },
          "sensitive_attributes": [],
          "private": "eyJlMmJmYjczMC1lY2FhLTExZTYtOGY4OC0zNDM2M2JjN2M0YzAiOnsiY3JlYXRlIjozMDAwMDAwMDAwMDB9fQ=="
        }
      ]
    },
    {
      "mode": "managed",
      "type": "google_service_account_iam_member",
      "name": "cloudrun_service_account_user",
      "provider": "provider[\"registry.terraform.io/hashicorp/google\"]",
      "instances": [
        {
          "schema_version": 0,
          "attributes": {
            "condition": [],
            "etag": "BwYufhH/Pnk=",
            "id": "projects/next-go-451412/serviceAccounts/cloudrun-sa@next-go-451412.iam.gserviceaccount.com/roles/iam.serviceAccountUser/serviceAccount:cloudbuild-sa@next-go-451412.iam.gserviceaccount.com",
            "member": "serviceAccount:cloudbuild-sa@next-go-451412.iam.gserviceaccount.com",
            "role": "roles/iam.serviceAccountUser",
            "service_account_id": "projects/next-go-451412/serviceAccounts/cloudrun-sa@next-go-451412.iam.gserviceaccount.com"
          },
          "sensitive_attributes": [],
          "private": "bnVsbA==",
          "dependencies": [
            "google_service_account.cloudbuild_service_account",
            "google_service_account.cloudrun_service_account"
          ]
        }
      ]
    },
    {
      "mode": "managed",
      "type": "google_service_account_iam_member",
      "name": "job_service_account_user",
      "provider": "provider[\"registry.terraform.io/hashicorp/google\"]",
      "instances": [
        {
          "schema_version": 0,
          "attributes": {
            "condition": [],
            "etag": "BwYufhJ0n0w=",
            "id": "projects/next-go-451412/serviceAccounts/job-sa@next-go-451412.iam.gserviceaccount.com/roles/iam.serviceAccountUser/serviceAccount:cloudbuild-sa@next-go-451412.iam.gserviceaccount.com",
            "member": "serviceAccount:cloudbuild-sa@next-go-451412.iam.gserviceaccount.com",
            "role": "roles/iam.serviceAccountUser",
            "service_account_id": "projects/next-go-451412/serviceAccounts/job-sa@next-go-451412.iam.gserviceaccount.com"
          },
          "sensitive_attributes": [],
          "private": "bnVsbA==",
          "dependencies": [
            "google_service_account.cloudbuild_service_account",
            "google_service_account.job_service_account"
          ]
        }
      ]
    }
  ],
  "check_results": null
}
